
Microsoft Visual Studio Solution File, Format Version 12.00
# Visual Studio 15
VisualStudioVersion = 15.0.26730.12
MinimumVisualStudioVersion = 10.0.40219.1
Project("{FAE04EC0-301F-11D3-BF4B-00C04F79EFBC}") = "01.CrookedDigits", "01.CrookedDigits\01.CrookedDigits.csproj", "{5F679182-63CA-4158-A632-ED0C66BC2DA7}"
EndProject
Project("{FAE04EC0-301F-11D3-BF4B-00C04F79EFBC}") = "02.CrookedStairs", "02.CrookedStairs\02.CrookedStairs.csproj", "{9E58BCCB-4021-47E4-880B-AE16E8BE95C6}"
EndProject
Project("{FAE04EC0-301F-11D3-BF4B-00C04F79EFBC}") = "03.CrookedWalls", "03.CrookedWalls\03.CrookedWalls.csproj", "{42BE0321-5778-400C-94FE-F99BC3906398}"
EndProject
Global
	GlobalSection(SolutionConfigurationPlatforms) = preSolution
		Debug|Any CPU = Debug|Any CPU
		Release|Any CPU = Release|Any CPU
	EndGlobalSection
	GlobalSection(ProjectConfigurationPlatforms) = postSolution
		{5F679182-63CA-4158-A632-ED0C66BC2DA7}.Debug|Any CPU.ActiveCfg = Debug|Any CPU
		{5F679182-63CA-4158-A632-ED0C66BC2DA7}.Debug|Any CPU.Build.0 = Debug|Any CPU
		{5F679182-63CA-4158-A632-ED0C66BC2DA7}.Release|Any CPU.ActiveCfg = Release|Any CPU
		{5F679182-63CA-4158-A632-ED0C66BC2DA7}.Release|Any CPU.Build.0 = Release|Any CPU
		{9E58BCCB-4021-47E4-880B-AE16E8BE95C6}.Debug|Any CPU.ActiveCfg = Debug|Any CPU
		{9E58BCCB-4021-47E4-880B-AE16E8BE95C6}.Debug|Any CPU.Build.0 = Debug|Any CPU
		{9E58BCCB-4021-47E4-880B-AE16E8BE95C6}.Release|Any CPU.ActiveCfg = Release|Any CPU
		{9E58BCCB-4021-47E4-880B-AE16E8BE95C6}.Release|Any CPU.Build.0 = Release|Any CPU
		{42BE0321-5778-400C-94FE-F99BC3906398}.Debug|Any CPU.ActiveCfg = Debug|Any CPU
		{42BE0321-5778-400C-94FE-F99BC3906398}.Debug|Any CPU.Build.0 = Debug|Any CPU
		{42BE0321-5778-400C-94FE-F99BC3906398}.Release|Any CPU.ActiveCfg = Release|Any CPU
		{42BE0321-5778-400C-94FE-F99BC3906398}.Release|Any CPU.Build.0 = Release|Any CPU
	EndGlobalSection
	GlobalSection(SolutionProperties) = preSolution
		HideSolutionNode = FALSE
	EndGlobalSection
	GlobalSection(ExtensibilityGlobals) = postSolution
		SolutionGuid = {3CBCC4B2-2890-4F0C-B901-0F4F56C9D1D2}
	EndGlobalSection
EndGlobal
