
Microsoft Visual Studio Solution File, Format Version 12.00
# Visual Studio 15
VisualStudioVersion = 15.0.26730.3
MinimumVisualStudioVersion = 10.0.40219.1
Project("{FAE04EC0-301F-11D3-BF4B-00C04F79EFBC}") = "01.SevenlandNumbers", "01.SevenlandNumbers\01.SevenlandNumbers.csproj", "{49837F34-63C1-4811-8371-F5ACA07449CE}"
EndProject
Project("{FAE04EC0-301F-11D3-BF4B-00C04F79EFBC}") = "02.A-nacci", "02.A-nacci\02.A-nacci.csproj", "{8038C4CB-92C9-4E79-8833-D8CE0975BD06}"
EndProject
Project("{FAE04EC0-301F-11D3-BF4B-00C04F79EFBC}") = "03.ExcelColumns", "03.ExcelColumns\03.ExcelColumns.csproj", "{6C25550B-DCDC-4B2D-9D72-2E49295BBF7A}"
EndProject
Project("{FAE04EC0-301F-11D3-BF4B-00C04F79EFBC}") = "05.BitBall", "05.BitBall\05.BitBall.csproj", "{F4BF0987-6B7E-4A9F-9B7D-91825A06C6CE}"
EndProject
Project("{FAE04EC0-301F-11D3-BF4B-00C04F79EFBC}") = "04.TelerikLogo", "04.TelerikLogo\04.TelerikLogo.csproj", "{79496890-2976-489E-B0BA-441F4AFD62EF}"
EndProject
Global
	GlobalSection(SolutionConfigurationPlatforms) = preSolution
		Debug|Any CPU = Debug|Any CPU
		Release|Any CPU = Release|Any CPU
	EndGlobalSection
	GlobalSection(ProjectConfigurationPlatforms) = postSolution
		{49837F34-63C1-4811-8371-F5ACA07449CE}.Debug|Any CPU.ActiveCfg = Debug|Any CPU
		{49837F34-63C1-4811-8371-F5ACA07449CE}.Debug|Any CPU.Build.0 = Debug|Any CPU
		{49837F34-63C1-4811-8371-F5ACA07449CE}.Release|Any CPU.ActiveCfg = Release|Any CPU
		{49837F34-63C1-4811-8371-F5ACA07449CE}.Release|Any CPU.Build.0 = Release|Any CPU
		{8038C4CB-92C9-4E79-8833-D8CE0975BD06}.Debug|Any CPU.ActiveCfg = Debug|Any CPU
		{8038C4CB-92C9-4E79-8833-D8CE0975BD06}.Debug|Any CPU.Build.0 = Debug|Any CPU
		{8038C4CB-92C9-4E79-8833-D8CE0975BD06}.Release|Any CPU.ActiveCfg = Release|Any CPU
		{8038C4CB-92C9-4E79-8833-D8CE0975BD06}.Release|Any CPU.Build.0 = Release|Any CPU
		{6C25550B-DCDC-4B2D-9D72-2E49295BBF7A}.Debug|Any CPU.ActiveCfg = Debug|Any CPU
		{6C25550B-DCDC-4B2D-9D72-2E49295BBF7A}.Debug|Any CPU.Build.0 = Debug|Any CPU
		{6C25550B-DCDC-4B2D-9D72-2E49295BBF7A}.Release|Any CPU.ActiveCfg = Release|Any CPU
		{6C25550B-DCDC-4B2D-9D72-2E49295BBF7A}.Release|Any CPU.Build.0 = Release|Any CPU
		{F4BF0987-6B7E-4A9F-9B7D-91825A06C6CE}.Debug|Any CPU.ActiveCfg = Debug|Any CPU
		{F4BF0987-6B7E-4A9F-9B7D-91825A06C6CE}.Debug|Any CPU.Build.0 = Debug|Any CPU
		{F4BF0987-6B7E-4A9F-9B7D-91825A06C6CE}.Release|Any CPU.ActiveCfg = Release|Any CPU
		{F4BF0987-6B7E-4A9F-9B7D-91825A06C6CE}.Release|Any CPU.Build.0 = Release|Any CPU
		{79496890-2976-489E-B0BA-441F4AFD62EF}.Debug|Any CPU.ActiveCfg = Debug|Any CPU
		{79496890-2976-489E-B0BA-441F4AFD62EF}.Debug|Any CPU.Build.0 = Debug|Any CPU
		{79496890-2976-489E-B0BA-441F4AFD62EF}.Release|Any CPU.ActiveCfg = Release|Any CPU
		{79496890-2976-489E-B0BA-441F4AFD62EF}.Release|Any CPU.Build.0 = Release|Any CPU
	EndGlobalSection
	GlobalSection(SolutionProperties) = preSolution
		HideSolutionNode = FALSE
	EndGlobalSection
	GlobalSection(ExtensibilityGlobals) = postSolution
		SolutionGuid = {D61AED5F-5CDA-4FC2-8A04-E9BAE4089A76}
	EndGlobalSection
EndGlobal
