
Microsoft Visual Studio Solution File, Format Version 12.00
# Visual Studio 15
VisualStudioVersion = 15.0.26730.3
MinimumVisualStudioVersion = 10.0.40219.1
Project("{FAE04EC0-301F-11D3-BF4B-00C04F79EFBC}") = "01.CartesianCoordinateSystem", "01.CartesianCoordinateSystem\01.CartesianCoordinateSystem.csproj", "{E6C5E72A-658F-4140-94CC-592A781A6A7B}"
EndProject
Project("{FAE04EC0-301F-11D3-BF4B-00C04F79EFBC}") = "02.MissCat2011", "02.MissCat2011\02.MissCat2011.csproj", "{20C4D5FA-BEC6-43B8-96E4-1B4EBDA7CF7D}"
EndProject
Project("{FAE04EC0-301F-11D3-BF4B-00C04F79EFBC}") = "03.ForestRoad", "03.ForestRoad\03.ForestRoad.csproj", "{3FBD54D9-71F7-41BF-B8D2-A0421E580037}"
EndProject
Project("{FAE04EC0-301F-11D3-BF4B-00C04F79EFBC}") = "04.BinaryDigitsCount", "04.BinaryDigitsCount\04.BinaryDigitsCount.csproj", "{8E11D15B-ED7C-4FB3-B439-CAF8C921CA47}"
EndProject
Project("{FAE04EC0-301F-11D3-BF4B-00C04F79EFBC}") = "05.SubsetSums", "05.SubsetSums\05.SubsetSums.csproj", "{C9AB90DF-DED1-4C87-B2C8-0D1621EA07AD}"
EndProject
Global
	GlobalSection(SolutionConfigurationPlatforms) = preSolution
		Debug|Any CPU = Debug|Any CPU
		Release|Any CPU = Release|Any CPU
	EndGlobalSection
	GlobalSection(ProjectConfigurationPlatforms) = postSolution
		{E6C5E72A-658F-4140-94CC-592A781A6A7B}.Debug|Any CPU.ActiveCfg = Debug|Any CPU
		{E6C5E72A-658F-4140-94CC-592A781A6A7B}.Debug|Any CPU.Build.0 = Debug|Any CPU
		{E6C5E72A-658F-4140-94CC-592A781A6A7B}.Release|Any CPU.ActiveCfg = Release|Any CPU
		{E6C5E72A-658F-4140-94CC-592A781A6A7B}.Release|Any CPU.Build.0 = Release|Any CPU
		{20C4D5FA-BEC6-43B8-96E4-1B4EBDA7CF7D}.Debug|Any CPU.ActiveCfg = Debug|Any CPU
		{20C4D5FA-BEC6-43B8-96E4-1B4EBDA7CF7D}.Debug|Any CPU.Build.0 = Debug|Any CPU
		{20C4D5FA-BEC6-43B8-96E4-1B4EBDA7CF7D}.Release|Any CPU.ActiveCfg = Release|Any CPU
		{20C4D5FA-BEC6-43B8-96E4-1B4EBDA7CF7D}.Release|Any CPU.Build.0 = Release|Any CPU
		{3FBD54D9-71F7-41BF-B8D2-A0421E580037}.Debug|Any CPU.ActiveCfg = Debug|Any CPU
		{3FBD54D9-71F7-41BF-B8D2-A0421E580037}.Debug|Any CPU.Build.0 = Debug|Any CPU
		{3FBD54D9-71F7-41BF-B8D2-A0421E580037}.Release|Any CPU.ActiveCfg = Release|Any CPU
		{3FBD54D9-71F7-41BF-B8D2-A0421E580037}.Release|Any CPU.Build.0 = Release|Any CPU
		{8E11D15B-ED7C-4FB3-B439-CAF8C921CA47}.Debug|Any CPU.ActiveCfg = Debug|Any CPU
		{8E11D15B-ED7C-4FB3-B439-CAF8C921CA47}.Debug|Any CPU.Build.0 = Debug|Any CPU
		{8E11D15B-ED7C-4FB3-B439-CAF8C921CA47}.Release|Any CPU.ActiveCfg = Release|Any CPU
		{8E11D15B-ED7C-4FB3-B439-CAF8C921CA47}.Release|Any CPU.Build.0 = Release|Any CPU
		{C9AB90DF-DED1-4C87-B2C8-0D1621EA07AD}.Debug|Any CPU.ActiveCfg = Debug|Any CPU
		{C9AB90DF-DED1-4C87-B2C8-0D1621EA07AD}.Debug|Any CPU.Build.0 = Debug|Any CPU
		{C9AB90DF-DED1-4C87-B2C8-0D1621EA07AD}.Release|Any CPU.ActiveCfg = Release|Any CPU
		{C9AB90DF-DED1-4C87-B2C8-0D1621EA07AD}.Release|Any CPU.Build.0 = Release|Any CPU
	EndGlobalSection
	GlobalSection(SolutionProperties) = preSolution
		HideSolutionNode = FALSE
	EndGlobalSection
	GlobalSection(ExtensibilityGlobals) = postSolution
		SolutionGuid = {A550F245-99AE-4A5F-80CA-B6EED2CC9054}
	EndGlobalSection
EndGlobal
