
Microsoft Visual Studio Solution File, Format Version 12.00
# Visual Studio 15
VisualStudioVersion = 15.0.26730.3
MinimumVisualStudioVersion = 10.0.40219.1
Project("{FAE04EC0-301F-11D3-BF4B-00C04F79EFBC}") = "01.TripleRotationOfDigits", "01.TripleRotationOfDigits\01.TripleRotationOfDigits.csproj", "{8BEBE654-49FB-40EA-A9C5-5E61DF608265}"
EndProject
Project("{FAE04EC0-301F-11D3-BF4B-00C04F79EFBC}") = "02.QuadronacciRectangle", "02.QuadronacciRectangle\02.QuadronacciRectangle.csproj", "{66D2854B-3661-4954-9392-6EE232CEAA79}"
EndProject
Project("{FAE04EC0-301F-11D3-BF4B-00C04F79EFBC}") = "03.Poker", "03.Poker\03.Poker.csproj", "{168B87C3-D86D-461D-A80A-7288801B7A23}"
EndProject
Project("{FAE04EC0-301F-11D3-BF4B-00C04F79EFBC}") = "04.UKFlag", "04.UKFlag\04.UKFlag.csproj", "{C4A61489-B5B8-4E85-8D34-3AB9DF11D1DE}"
EndProject
Project("{FAE04EC0-301F-11D3-BF4B-00C04F79EFBC}") = "05.AngryBits", "05.AngryBits\05.AngryBits.csproj", "{048975B7-9039-4213-B316-CB9E41FFCC19}"
EndProject
Global
	GlobalSection(SolutionConfigurationPlatforms) = preSolution
		Debug|Any CPU = Debug|Any CPU
		Release|Any CPU = Release|Any CPU
	EndGlobalSection
	GlobalSection(ProjectConfigurationPlatforms) = postSolution
		{8BEBE654-49FB-40EA-A9C5-5E61DF608265}.Debug|Any CPU.ActiveCfg = Debug|Any CPU
		{8BEBE654-49FB-40EA-A9C5-5E61DF608265}.Debug|Any CPU.Build.0 = Debug|Any CPU
		{8BEBE654-49FB-40EA-A9C5-5E61DF608265}.Release|Any CPU.ActiveCfg = Release|Any CPU
		{8BEBE654-49FB-40EA-A9C5-5E61DF608265}.Release|Any CPU.Build.0 = Release|Any CPU
		{66D2854B-3661-4954-9392-6EE232CEAA79}.Debug|Any CPU.ActiveCfg = Debug|Any CPU
		{66D2854B-3661-4954-9392-6EE232CEAA79}.Debug|Any CPU.Build.0 = Debug|Any CPU
		{66D2854B-3661-4954-9392-6EE232CEAA79}.Release|Any CPU.ActiveCfg = Release|Any CPU
		{66D2854B-3661-4954-9392-6EE232CEAA79}.Release|Any CPU.Build.0 = Release|Any CPU
		{168B87C3-D86D-461D-A80A-7288801B7A23}.Debug|Any CPU.ActiveCfg = Debug|Any CPU
		{168B87C3-D86D-461D-A80A-7288801B7A23}.Debug|Any CPU.Build.0 = Debug|Any CPU
		{168B87C3-D86D-461D-A80A-7288801B7A23}.Release|Any CPU.ActiveCfg = Release|Any CPU
		{168B87C3-D86D-461D-A80A-7288801B7A23}.Release|Any CPU.Build.0 = Release|Any CPU
		{C4A61489-B5B8-4E85-8D34-3AB9DF11D1DE}.Debug|Any CPU.ActiveCfg = Debug|Any CPU
		{C4A61489-B5B8-4E85-8D34-3AB9DF11D1DE}.Debug|Any CPU.Build.0 = Debug|Any CPU
		{C4A61489-B5B8-4E85-8D34-3AB9DF11D1DE}.Release|Any CPU.ActiveCfg = Release|Any CPU
		{C4A61489-B5B8-4E85-8D34-3AB9DF11D1DE}.Release|Any CPU.Build.0 = Release|Any CPU
		{048975B7-9039-4213-B316-CB9E41FFCC19}.Debug|Any CPU.ActiveCfg = Debug|Any CPU
		{048975B7-9039-4213-B316-CB9E41FFCC19}.Debug|Any CPU.Build.0 = Debug|Any CPU
		{048975B7-9039-4213-B316-CB9E41FFCC19}.Release|Any CPU.ActiveCfg = Release|Any CPU
		{048975B7-9039-4213-B316-CB9E41FFCC19}.Release|Any CPU.Build.0 = Release|Any CPU
	EndGlobalSection
	GlobalSection(SolutionProperties) = preSolution
		HideSolutionNode = FALSE
	EndGlobalSection
	GlobalSection(ExtensibilityGlobals) = postSolution
		SolutionGuid = {347DC481-C0F8-48C8-8E92-248D7590FC79}
	EndGlobalSection
EndGlobal
