
Microsoft Visual Studio Solution File, Format Version 12.00
# Visual Studio 15
VisualStudioVersion = 15.0.26730.3
MinimumVisualStudioVersion = 10.0.40219.1
Project("{FAE04EC0-301F-11D3-BF4B-00C04F79EFBC}") = "01.MathExpression (done)", "01.MathExpression\01.MathExpression (done).csproj", "{21594F97-1FE3-4DC0-A67F-2302E7FB9330}"
EndProject
Project("{FAE04EC0-301F-11D3-BF4B-00C04F79EFBC}") = "02.LeastMajorityMultiple", "02.LeastMajorityMultiple\02.LeastMajorityMultiple.csproj", "{6EB6D70E-6542-4523-8776-4AA5A9EFBBE6}"
EndProject
Project("{FAE04EC0-301F-11D3-BF4B-00C04F79EFBC}") = "03.Trapezoid (done)", "03.Trapezoid\03.Trapezoid (done).csproj", "{4FFD86BC-3151-4039-BC9E-DBDB5C31246F}"
EndProject
Project("{FAE04EC0-301F-11D3-BF4B-00C04F79EFBC}") = "04.OddNumber", "04.OddNumber\04.OddNumber.csproj", "{8206C31F-B59C-45C6-8252-03E7CB2CD023}"
EndProject
Project("{FAE04EC0-301F-11D3-BF4B-00C04F79EFBC}") = "05.FallDown (done)", "05.FallDown\05.FallDown (done).csproj", "{6ED9895F-B384-4FA3-B402-C842AC3FC1BE}"
EndProject
Global
	GlobalSection(SolutionConfigurationPlatforms) = preSolution
		Debug|Any CPU = Debug|Any CPU
		Release|Any CPU = Release|Any CPU
	EndGlobalSection
	GlobalSection(ProjectConfigurationPlatforms) = postSolution
		{21594F97-1FE3-4DC0-A67F-2302E7FB9330}.Debug|Any CPU.ActiveCfg = Debug|Any CPU
		{21594F97-1FE3-4DC0-A67F-2302E7FB9330}.Debug|Any CPU.Build.0 = Debug|Any CPU
		{21594F97-1FE3-4DC0-A67F-2302E7FB9330}.Release|Any CPU.ActiveCfg = Release|Any CPU
		{21594F97-1FE3-4DC0-A67F-2302E7FB9330}.Release|Any CPU.Build.0 = Release|Any CPU
		{6EB6D70E-6542-4523-8776-4AA5A9EFBBE6}.Debug|Any CPU.ActiveCfg = Debug|Any CPU
		{6EB6D70E-6542-4523-8776-4AA5A9EFBBE6}.Debug|Any CPU.Build.0 = Debug|Any CPU
		{6EB6D70E-6542-4523-8776-4AA5A9EFBBE6}.Release|Any CPU.ActiveCfg = Release|Any CPU
		{6EB6D70E-6542-4523-8776-4AA5A9EFBBE6}.Release|Any CPU.Build.0 = Release|Any CPU
		{4FFD86BC-3151-4039-BC9E-DBDB5C31246F}.Debug|Any CPU.ActiveCfg = Debug|Any CPU
		{4FFD86BC-3151-4039-BC9E-DBDB5C31246F}.Debug|Any CPU.Build.0 = Debug|Any CPU
		{4FFD86BC-3151-4039-BC9E-DBDB5C31246F}.Release|Any CPU.ActiveCfg = Release|Any CPU
		{4FFD86BC-3151-4039-BC9E-DBDB5C31246F}.Release|Any CPU.Build.0 = Release|Any CPU
		{8206C31F-B59C-45C6-8252-03E7CB2CD023}.Debug|Any CPU.ActiveCfg = Debug|Any CPU
		{8206C31F-B59C-45C6-8252-03E7CB2CD023}.Debug|Any CPU.Build.0 = Debug|Any CPU
		{8206C31F-B59C-45C6-8252-03E7CB2CD023}.Release|Any CPU.ActiveCfg = Release|Any CPU
		{8206C31F-B59C-45C6-8252-03E7CB2CD023}.Release|Any CPU.Build.0 = Release|Any CPU
		{6ED9895F-B384-4FA3-B402-C842AC3FC1BE}.Debug|Any CPU.ActiveCfg = Debug|Any CPU
		{6ED9895F-B384-4FA3-B402-C842AC3FC1BE}.Debug|Any CPU.Build.0 = Debug|Any CPU
		{6ED9895F-B384-4FA3-B402-C842AC3FC1BE}.Release|Any CPU.ActiveCfg = Release|Any CPU
		{6ED9895F-B384-4FA3-B402-C842AC3FC1BE}.Release|Any CPU.Build.0 = Release|Any CPU
	EndGlobalSection
	GlobalSection(SolutionProperties) = preSolution
		HideSolutionNode = FALSE
	EndGlobalSection
	GlobalSection(ExtensibilityGlobals) = postSolution
		SolutionGuid = {47E9FE3A-F682-42D9-829F-8650413882FD}
	EndGlobalSection
EndGlobal
