
Microsoft Visual Studio Solution File, Format Version 12.00
# Visual Studio 15
VisualStudioVersion = 15.0.26730.3
MinimumVisualStudioVersion = 10.0.40219.1
Project("{FAE04EC0-301F-11D3-BF4B-00C04F79EFBC}") = "01.NextDate", "01.NextDate\01.NextDate.csproj", "{22FF99FB-0C72-4EAF-9CC7-B8EEA6E70204}"
EndProject
Project("{FAE04EC0-301F-11D3-BF4B-00C04F79EFBC}") = "02.TribonacciTriangle", "02.TribonacciTriangle\02.TribonacciTriangle.csproj", "{5D2FE9F1-2E26-49BB-AE92-A037FBFACD5D}"
EndProject
Project("{FAE04EC0-301F-11D3-BF4B-00C04F79EFBC}") = "03.Sheets", "03.Sheets\03.Sheets.csproj", "{F7034959-E09C-40A8-A624-8A50DCB5383A}"
EndProject
Project("{FAE04EC0-301F-11D3-BF4B-00C04F79EFBC}") = "04.Carpets", "04.Carpets\04.Carpets.csproj", "{1962FC4C-331A-44A1-B218-8F43E0C6A7BC}"
EndProject
Project("{FAE04EC0-301F-11D3-BF4B-00C04F79EFBC}") = "05.FormulaBitOne", "05.FormulaBitOne\05.FormulaBitOne.csproj", "{67530597-F7F4-4FFD-953B-71809384E2AD}"
EndProject
Global
	GlobalSection(SolutionConfigurationPlatforms) = preSolution
		Debug|Any CPU = Debug|Any CPU
		Release|Any CPU = Release|Any CPU
	EndGlobalSection
	GlobalSection(ProjectConfigurationPlatforms) = postSolution
		{22FF99FB-0C72-4EAF-9CC7-B8EEA6E70204}.Debug|Any CPU.ActiveCfg = Debug|Any CPU
		{22FF99FB-0C72-4EAF-9CC7-B8EEA6E70204}.Debug|Any CPU.Build.0 = Debug|Any CPU
		{22FF99FB-0C72-4EAF-9CC7-B8EEA6E70204}.Release|Any CPU.ActiveCfg = Release|Any CPU
		{22FF99FB-0C72-4EAF-9CC7-B8EEA6E70204}.Release|Any CPU.Build.0 = Release|Any CPU
		{5D2FE9F1-2E26-49BB-AE92-A037FBFACD5D}.Debug|Any CPU.ActiveCfg = Debug|Any CPU
		{5D2FE9F1-2E26-49BB-AE92-A037FBFACD5D}.Debug|Any CPU.Build.0 = Debug|Any CPU
		{5D2FE9F1-2E26-49BB-AE92-A037FBFACD5D}.Release|Any CPU.ActiveCfg = Release|Any CPU
		{5D2FE9F1-2E26-49BB-AE92-A037FBFACD5D}.Release|Any CPU.Build.0 = Release|Any CPU
		{F7034959-E09C-40A8-A624-8A50DCB5383A}.Debug|Any CPU.ActiveCfg = Debug|Any CPU
		{F7034959-E09C-40A8-A624-8A50DCB5383A}.Debug|Any CPU.Build.0 = Debug|Any CPU
		{F7034959-E09C-40A8-A624-8A50DCB5383A}.Release|Any CPU.ActiveCfg = Release|Any CPU
		{F7034959-E09C-40A8-A624-8A50DCB5383A}.Release|Any CPU.Build.0 = Release|Any CPU
		{1962FC4C-331A-44A1-B218-8F43E0C6A7BC}.Debug|Any CPU.ActiveCfg = Debug|Any CPU
		{1962FC4C-331A-44A1-B218-8F43E0C6A7BC}.Debug|Any CPU.Build.0 = Debug|Any CPU
		{1962FC4C-331A-44A1-B218-8F43E0C6A7BC}.Release|Any CPU.ActiveCfg = Release|Any CPU
		{1962FC4C-331A-44A1-B218-8F43E0C6A7BC}.Release|Any CPU.Build.0 = Release|Any CPU
		{67530597-F7F4-4FFD-953B-71809384E2AD}.Debug|Any CPU.ActiveCfg = Debug|Any CPU
		{67530597-F7F4-4FFD-953B-71809384E2AD}.Debug|Any CPU.Build.0 = Debug|Any CPU
		{67530597-F7F4-4FFD-953B-71809384E2AD}.Release|Any CPU.ActiveCfg = Release|Any CPU
		{67530597-F7F4-4FFD-953B-71809384E2AD}.Release|Any CPU.Build.0 = Release|Any CPU
	EndGlobalSection
	GlobalSection(SolutionProperties) = preSolution
		HideSolutionNode = FALSE
	EndGlobalSection
	GlobalSection(ExtensibilityGlobals) = postSolution
		SolutionGuid = {EB4C17AA-C483-4568-A9E7-49765B26889D}
	EndGlobalSection
EndGlobal
