
Microsoft Visual Studio Solution File, Format Version 12.00
# Visual Studio 15
VisualStudioVersion = 15.0.26730.12
MinimumVisualStudioVersion = 10.0.40219.1
Project("{FAE04EC0-301F-11D3-BF4B-00C04F79EFBC}") = "test", "test\test.csproj", "{070E158E-4BDD-4E70-AD28-AB0531998664}"
EndProject
Global
	GlobalSection(SolutionConfigurationPlatforms) = preSolution
		Debug|Any CPU = Debug|Any CPU
		Release|Any CPU = Release|Any CPU
	EndGlobalSection
	GlobalSection(ProjectConfigurationPlatforms) = postSolution
		{070E158E-4BDD-4E70-AD28-AB0531998664}.Debug|Any CPU.ActiveCfg = Debug|Any CPU
		{070E158E-4BDD-4E70-AD28-AB0531998664}.Debug|Any CPU.Build.0 = Debug|Any CPU
		{070E158E-4BDD-4E70-AD28-AB0531998664}.Release|Any CPU.ActiveCfg = Release|Any CPU
		{070E158E-4BDD-4E70-AD28-AB0531998664}.Release|Any CPU.Build.0 = Release|Any CPU
	EndGlobalSection
	GlobalSection(SolutionProperties) = preSolution
		HideSolutionNode = FALSE
	EndGlobalSection
	GlobalSection(ExtensibilityGlobals) = postSolution
		SolutionGuid = {2891BD08-385F-4C47-AE00-CA5C2875D277}
	EndGlobalSection
EndGlobal
